{
  "originHash" : "2763ff99e1c2d26c16aa0a575fd935ca4b004f98d86a777d5652c4f0bc6ccc88",
  "pins" : [
    {
      "identity" : "didi",
      "kind" : "remoteSourceControl",
      "location" : "https://github.com/antoniopantaleo/didi.git",
      "state" : {
        "revision" : "8a5e70307e62465b1349723dcce3646a721f3b43",
        "version" : "3.0.0"
      }
    },
    {
      "identity" : "factory",
      "kind" : "remoteSourceControl",
      "location" : "https://github.com/hmlongco/Factory.git",
      "state" : {
        "revision" : "ccc898f21992ebc130bc04cc197460a5ae230bcf",
        "version" : "2.5.3"
      }
    }
  ],
  "version" : 3
}
